// !$*UTF8*$!
{
	archiveVersion = 1;
	classes = {
	};
	objectVersion = 46;
	objects = {

/* Begin PBXBuildFile section */
		49A2DADF1F1C9FF300AF36E3 /* AppDelegate.swift in Sources */ = {isa = PBXBuildFile; fileRef = 49A2DADE1F1C9FF300AF36E3 /* AppDelegate.swift */; };
		49A2DAE11F1C9FF300AF36E3 /* ViewController.swift in Sources */ = {isa = PBXBuildFile; fileRef = 49A2DAE01F1C9FF300AF36E3 /* ViewController.swift */; };
		49A2DAE41F1C9FF300AF36E3 /* Main.storyboard in Resources */ = {isa = PBXBuildFile; fileRef = 49A2DAE21F1C9FF300AF36E3 /* Main.storyboard */; };
		49A2DAE61F1C9FF300AF36E3 /* Assets.xcassets in Resources */ = {isa = PBXBuildFile; fileRef = 49A2DAE51F1C9FF300AF36E3 /* Assets.xcassets */; };
		49A2DAE91F1C9FF300AF36E3 /* LaunchScreen.storyboard in Resources */ = {isa = PBXBuildFile; fileRef = 49A2DAE71F1C9FF300AF36E3 /* LaunchScreen.storyboard */; };
		49A2DAF41F1C9FF300AF36E3 /* ThreadTutorialTests.swift in Sources */ = {isa = PBXBuildFile; fileRef = 49A2DAF31F1C9FF300AF36E3 /* ThreadTutorialTests.swift */; };
		49A2DAFF1F1C9FF300AF36E3 /* ThreadTutorialUITests.swift in Sources */ = {isa = PBXBuildFile; fileRef = 49A2DAFE1F1C9FF300AF36E3 /* ThreadTutorialUITests.swift */; };
/* End PBXBuildFile section */

/* Begin PBXContainerItemProxy section */
		49A2DAF01F1C9FF300AF36E3 /* PBXContainerItemProxy */ = {
			isa = PBXContainerItemProxy;
			containerPortal = 49A2DAD31F1C9FF300AF36E3 /* Project object */;
			proxyType = 1;
			remoteGlobalIDString = 49A2DADA1F1C9FF300AF36E3;
			remoteInfo = ThreadTutorial;
		};
		49A2DAFB1F1C9FF300AF36E3 /* PBXContainerItemProxy */ = {
			isa = PBXContainerItemProxy;
			containerPortal = 49A2DAD31F1C9FF300AF36E3 /* Project object */;
			proxyType = 1;
			remoteGlobalIDString = 49A2DADA1F1C9FF300AF36E3;
			remoteInfo = ThreadTutorial;
		};
/* End PBXContainerItemProxy section */

/* Begin PBXFileReference section */
		49A2DADB1F1C9FF300AF36E3 /* ThreadTutorial.app */ = {isa = PBXFileReference; explicitFileType = wrapper.application; includeInIndex = 0; path = ThreadTutorial.app; sourceTree = BUILT_PRODUCTS_DIR; };
		49A2DADE1F1C9FF300AF36E3 /* AppDelegate.swift */ = {isa = PBXFileReference; lastKnownFileType = sourcecode.swift; path = AppDelegate.swift; sourceTree = "<group>"; };
		49A2DAE01F1C9FF300AF36E3 /* ViewController.swift */ = {isa = PBXFileReference; lastKnownFileType = sourcecode.swift; path = ViewController.swift; sourceTree = "<group>"; };
		49A2DAE31F1C9FF300AF36E3 /* Base */ = {isa = PBXFileReference; lastKnownFileType = file.storyboard; name = Base; path = Base.lproj/Main.storyboard; sourceTree = "<group>"; };
		49A2DAE51F1C9FF300AF36E3 /* Assets.xcassets */ = {isa = PBXFileReference; lastKnownFileType = folder.assetcatalog; path = Assets.xcassets; sourceTree = "<group>"; };
		49A2DAE81F1C9FF300AF36E3 /* Base */ = {isa = PBXFileReference; lastKnownFileType = file.storyboard; name = Base; path = Base.lproj/LaunchScreen.storyboard; sourceTree = "<group>"; };
		49A2DAEA1F1C9FF300AF36E3 /* Info.plist */ = {isa = PBXFileReference; lastKnownFileType = text.plist.xml; path = Info.plist; sourceTree = "<group>"; };
		49A2DAEF1F1C9FF300AF36E3 /* ThreadTutorialTests.xctest */ = {isa = PBXFileReference; explicitFileType = wrapper.cfbundle; includeInIndex = 0; path = ThreadTutorialTests.xctest; sourceTree = BUILT_PRODUCTS_DIR; };
		49A2DAF31F1C9FF300AF36E3 /* ThreadTutorialTests.swift */ = {isa = PBXFileReference; lastKnownFileType = sourcecode.swift; path = ThreadTutorialTests.swift; sourceTree = "<group>"; };
		49A2DAF51F1C9FF300AF36E3 /* Info.plist */ = {isa = PBXFileReference; lastKnownFileType = text.plist.xml; path = Info.plist; sourceTree = "<group>"; };
		49A2DAFA1F1C9FF300AF36E3 /* ThreadTutorialUITests.xctest */ = {isa = PBXFileReference; explicitFileType = wrapper.cfbundle; includeInIndex = 0; path = ThreadTutorialUITests.xctest; sourceTree = BUILT_PRODUCTS_DIR; };
		49A2DAFE1F1C9FF300AF36E3 /* ThreadTutorialUITests.swift */ = {isa = PBXFileReference; lastKnownFileType = sourcecode.swift; path = ThreadTutorialUITests.swift; sourceTree = "<group>"; };
		49A2DB001F1C9FF300AF36E3 /* Info.plist */ = {isa = PBXFileReference; lastKnownFileType = text.plist.xml; path = Info.plist; sourceTree = "<group>"; };
/* End PBXFileReference section */

/* Begin PBXFrameworksBuildPhase section */
		49A2DAD81F1C9FF300AF36E3 /* Frameworks */ = {
			isa = PBXFrameworksBuildPhase;
			buildActionMask = 2147483647;
			files = (
			);
			runOnlyForDeploymentPostprocessing = 0;
		};
		49A2DAEC1F1C9FF300AF36E3 /* Frameworks */ = {
			isa = PBXFrameworksBuildPhase;
			buildActionMask = 2147483647;
			files = (
			);
			runOnlyForDeploymentPostprocessing = 0;
		};
		49A2DAF71F1C9FF300AF36E3 /* Frameworks */ = {
			isa = PBXFrameworksBuildPhase;
			buildActionMask = 2147483647;
			files = (
			);
			runOnlyForDeploymentPostprocessing = 0;
		};
/* End PBXFrameworksBuildPhase section */

/* Begin PBXGroup section */
		49A2DAD21F1C9FF300AF36E3 = {
			isa = PBXGroup;
			children = (
				49A2DADD1F1C9FF300AF36E3 /* ThreadTutorial */,
				49A2DAF21F1C9FF300AF36E3 /* ThreadTutorialTests */,
				49A2DAFD1F1C9FF300AF36E3 /* ThreadTutorialUITests */,
				49A2DADC1F1C9FF300AF36E3 /* Products */,
			);
			sourceTree = "<group>";
		};
		49A2DADC1F1C9FF300AF36E3 /* Products */ = {
			isa = PBXGroup;
			children = (
				49A2DADB1F1C9FF300AF36E3 /* ThreadTutorial.app */,
				49A2DAEF1F1C9FF300AF36E3 /* ThreadTutorialTests.xctest */,
				49A2DAFA1F1C9FF300AF36E3 /* ThreadTutorialUITests.xctest */,
			);
			name = Products;
			sourceTree = "<group>";
		};
		49A2DADD1F1C9FF300AF36E3 /* ThreadTutorial */ = {
			isa = PBXGroup;
			children = (
				49A2DADE1F1C9FF300AF36E3 /* AppDelegate.swift */,
				49A2DAE01F1C9FF300AF36E3 /* ViewController.swift */,
				49A2DAE21F1C9FF300AF36E3 /* Main.storyboard */,
				49A2DAE51F1C9FF300AF36E3 /* Assets.xcassets */,
				49A2DAE71F1C9FF300AF36E3 /* LaunchScreen.storyboard */,
				49A2DAEA1F1C9FF300AF36E3 /* Info.plist */,
			);
			path = ThreadTutorial;
			sourceTree = "<group>";
		};
		49A2DAF21F1C9FF300AF36E3 /* ThreadTutorialTests */ = {
			isa = PBXGroup;
			children = (
				49A2DAF31F1C9FF300AF36E3 /* ThreadTutorialTests.swift */,
				49A2DAF51F1C9FF300AF36E3 /* Info.plist */,
			);
			path = ThreadTutorialTests;
			sourceTree = "<group>";
		};
		49A2DAFD1F1C9FF300AF36E3 /* ThreadTutorialUITests */ = {
			isa = PBXGroup;
			children = (
				49A2DAFE1F1C9FF300AF36E3 /* ThreadTutorialUITests.swift */,
				49A2DB001F1C9FF300AF36E3 /* Info.plist */,
			);
			path = ThreadTutorialUITests;
			sourceTree = "<group>";
		};
/* End PBXGroup section */

/* Begin PBXNativeTarget section */
		49A2DADA1F1C9FF300AF36E3 /* ThreadTutorial */ = {
			isa = PBXNativeTarget;
			buildConfigurationList = 49A2DB031F1C9FF300AF36E3 /* Build configuration list for PBXNativeTarget "ThreadTutorial" */;
			buildPhases = (
				49A2DAD71F1C9FF300AF36E3 /* Sources */,
				49A2DAD81F1C9FF300AF36E3 /* Frameworks */,
				49A2DAD91F1C9FF300AF36E3 /* Resources */,
			);
			buildRules = (
			);
			dependencies = (
			);
			name = ThreadTutorial;
			productName = ThreadTutorial;
			productReference = 49A2DADB1F1C9FF300AF36E3 /* ThreadTutorial.app */;
			productType = "com.apple.product-type.application";
		};
		49A2DAEE1F1C9FF300AF36E3 /* ThreadTutorialTests */ = {
			isa = PBXNativeTarget;
			buildConfigurationList = 49A2DB061F1C9FF300AF36E3 /* Build configuration list for PBXNativeTarget "ThreadTutorialTests" */;
			buildPhases = (
				49A2DAEB1F1C9FF300AF36E3 /* Sources */,
				49A2DAEC1F1C9FF300AF36E3 /* Frameworks */,
				49A2DAED1F1C9FF300AF36E3 /* Resources */,
			);
			buildRules = (
			);
			dependencies = (
				49A2DAF11F1C9FF300AF36E3 /* PBXTargetDependency */,
			);
			name = ThreadTutorialTests;
			productName = ThreadTutorialTests;
			productReference = 49A2DAEF1F1C9FF300AF36E3 /* ThreadTutorialTests.xctest */;
			productType = "com.apple.product-type.bundle.unit-test";
		};
		49A2DAF91F1C9FF300AF36E3 /* ThreadTutorialUITests */ = {
			isa = PBXNativeTarget;
			buildConfigurationList = 49A2DB091F1C9FF300AF36E3 /* Build configuration list for PBXNativeTarget "ThreadTutorialUITests" */;
			buildPhases = (
				49A2DAF61F1C9FF300AF36E3 /* Sources */,
				49A2DAF71F1C9FF300AF36E3 /* Frameworks */,
				49A2DAF81F1C9FF300AF36E3 /* Resources */,
			);
			buildRules = (
			);
			dependencies = (
				49A2DAFC1F1C9FF300AF36E3 /* PBXTargetDependency */,
			);
			name = ThreadTutorialUITests;
			productName = ThreadTutorialUITests;
			productReference = 49A2DAFA1F1C9FF300AF36E3 /* ThreadTutorialUITests.xctest */;
			productType = "com.apple.product-type.bundle.ui-testing";
		};
/* End PBXNativeTarget section */

/* Begin PBXProject section */
		49A2DAD31F1C9FF300AF36E3 /* Project object */ = {
			isa = PBXProject;
			attributes = {
				LastSwiftUpdateCheck = 0830;
				LastUpgradeCheck = 0830;
				ORGANIZATIONNAME = Sohn;
				TargetAttributes = {
					49A2DADA1F1C9FF300AF36E3 = {
						CreatedOnToolsVersion = 8.3.3;
						DevelopmentTeam = 23EFP3FERN;
						ProvisioningStyle = Automatic;
					};
					49A2DAEE1F1C9FF300AF36E3 = {
						CreatedOnToolsVersion = 8.3.3;
						DevelopmentTeam = 23EFP3FERN;
						ProvisioningStyle = Automatic;
						TestTargetID = 49A2DADA1F1C9FF300AF36E3;
					};
					49A2DAF91F1C9FF300AF36E3 = {
						CreatedOnToolsVersion = 8.3.3;
						DevelopmentTeam = 23EFP3FERN;
						ProvisioningStyle = Automatic;
						TestTargetID = 49A2DADA1F1C9FF300AF36E3;
					};
				};
			};
			buildConfigurationList = 49A2DAD61F1C9FF300AF36E3 /* Build configuration list for PBXProject "ThreadTutorial" */;
			compatibilityVersion = "Xcode 3.2";
			developmentRegion = English;
			hasScannedForEncodings = 0;
			knownRegions = (
				en,
				Base,
			);
			mainGroup = 49A2DAD21F1C9FF300AF36E3;
			productRefGroup = 49A2DADC1F1C9FF300AF36E3 /* Products */;
			projectDirPath = "";
			projectRoot = "";
			targets = (
				49A2DADA1F1C9FF300AF36E3 /* ThreadTutorial */,
				49A2DAEE1F1C9FF300AF36E3 /* ThreadTutorialTests */,
				49A2DAF91F1C9FF300AF36E3 /* ThreadTutorialUITests */,
			);
		};
/* End PBXProject section */

/* Begin PBXResourcesBuildPhase section */
		49A2DAD91F1C9FF300AF36E3 /* Resources */ = {
			isa = PBXResourcesBuildPhase;
			buildActionMask = 2147483647;
			files = (
				49A2DAE91F1C9FF300AF36E3 /* LaunchScreen.storyboard in Resources */,
				49A2DAE61F1C9FF300AF36E3 /* Assets.xcassets in Resources */,
				49A2DAE41F1C9FF300AF36E3 /* Main.storyboard in Resources */,
			);
			runOnlyForDeploymentPostprocessing = 0;
		};
		49A2DAED1F1C9FF300AF36E3 /* Resources */ = {
			isa = PBXResourcesBuildPhase;
			buildActionMask = 2147483647;
			files = (
			);
			runOnlyForDeploymentPostprocessing = 0;
		};
		49A2DAF81F1C9FF300AF36E3 /* Resources */ = {
			isa = PBXResourcesBuildPhase;
			buildActionMask = 2147483647;
			files = (
			);
			runOnlyForDeploymentPostprocessing = 0;
		};
/* End PBXResourcesBuildPhase section */

/* Begin PBXSourcesBuildPhase section */
		49A2DAD71F1C9FF300AF36E3 /* Sources */ = {
			isa = PBXSourcesBuildPhase;
			buildActionMask = 2147483647;
			files = (
				49A2DAE11F1C9FF300AF36E3 /* ViewController.swift in Sources */,
				49A2DADF1F1C9FF300AF36E3 /* AppDelegate.swift in Sources */,
			);
			runOnlyForDeploymentPostprocessing = 0;
		};
		49A2DAEB1F1C9FF300AF36E3 /* Sources */ = {
			isa = PBXSourcesBuildPhase;
			buildActionMask = 2147483647;
			files = (
				49A2DAF41F1C9FF300AF36E3 /* ThreadTutorialTests.swift in Sources */,
			);
			runOnlyForDeploymentPostprocessing = 0;
		};
		49A2DAF61F1C9FF300AF36E3 /* Sources */ = {
			isa = PBXSourcesBuildPhase;
			buildActionMask = 2147483647;
			files = (
				49A2DAFF1F1C9FF300AF36E3 /* ThreadTutorialUITests.swift in Sources */,
			);
			runOnlyForDeploymentPostprocessing = 0;
		};
/* End PBXSourcesBuildPhase section */

/* Begin PBXTargetDependency section */
		49A2DAF11F1C9FF300AF36E3 /* PBXTargetDependency */ = {
			isa = PBXTargetDependency;
			target = 49A2DADA1F1C9FF300AF36E3 /* ThreadTutorial */;
			targetProxy = 49A2DAF01F1C9FF300AF36E3 /* PBXContainerItemProxy */;
		};
		49A2DAFC1F1C9FF300AF36E3 /* PBXTargetDependency */ = {
			isa = PBXTargetDependency;
			target = 49A2DADA1F1C9FF300AF36E3 /* ThreadTutorial */;
			targetProxy = 49A2DAFB1F1C9FF300AF36E3 /* PBXContainerItemProxy */;
		};
/* End PBXTargetDependency section */

/* Begin PBXVariantGroup section */
		49A2DAE21F1C9FF300AF36E3 /* Main.storyboard */ = {
			isa = PBXVariantGroup;
			children = (
				49A2DAE31F1C9FF300AF36E3 /* Base */,
			);
			name = Main.storyboard;
			sourceTree = "<group>";
		};
		49A2DAE71F1C9FF300AF36E3 /* LaunchScreen.storyboard */ = {
			isa = PBXVariantGroup;
			children = (
				49A2DAE81F1C9FF300AF36E3 /* Base */,
			);
			name = LaunchScreen.storyboard;
			sourceTree = "<group>";
		};
/* End PBXVariantGroup section */

/* Begin XCBuildConfiguration section */
		49A2DB011F1C9FF300AF36E3 /* Debug */ = {
			isa = XCBuildConfiguration;
			buildSettings = {
				ALWAYS_SEARCH_USER_PATHS = NO;
				CLANG_ANALYZER_NONNULL = YES;
				CLANG_ANALYZER_NUMBER_OBJECT_CONVERSION = YES_AGGRESSIVE;
				CLANG_CXX_LANGUAGE_STANDARD = "gnu++0x";
				CLANG_CXX_LIBRARY = "libc++";
				CLANG_ENABLE_MODULES = YES;
				CLANG_ENABLE_OBJC_ARC = YES;
				CLANG_WARN_BOOL_CONVERSION = YES;
				CLANG_WARN_CONSTANT_CONVERSION = YES;
				CLANG_WARN_DIRECT_OBJC_ISA_USAGE = YES_ERROR;
				CLANG_WARN_DOCUMENTATION_COMMENTS = YES;
				CLANG_WARN_EMPTY_BODY = YES;
				CLANG_WARN_ENUM_CONVERSION = YES;
				CLANG_WARN_INFINITE_RECURSION = YES;
				CLANG_WARN_INT_CONVERSION = YES;
				CLANG_WARN_OBJC_ROOT_CLASS = YES_ERROR;
				CLANG_WARN_SUSPICIOUS_MOVE = YES;
				CLANG_WARN_UNREACHABLE_CODE = YES;
				CLANG_WARN__DUPLICATE_METHOD_MATCH = YES;
				"CODE_SIGN_IDENTITY[sdk=iphoneos*]" = "iPhone Developer";
				COPY_PHASE_STRIP = NO;
				DEBUG_INFORMATION_FORMAT = dwarf;
				ENABLE_STRICT_OBJC_MSGSEND = YES;
				ENABLE_TESTABILITY = YES;
				GCC_C_LANGUAGE_STANDARD = gnu99;
				GCC_DYNAMIC_NO_PIC = NO;
				GCC_NO_COMMON_BLOCKS = YES;
				GCC_OPTIMIZATION_LEVEL = 0;
				GCC_PREPROCESSOR_DEFINITIONS = (
					"DEBUG=1",
					"$(inherited)",
				);
				GCC_WARN_64_TO_32_BIT_CONVERSION = YES;
				GCC_WARN_ABOUT_RETURN_TYPE = YES_ERROR;
				GCC_WARN_UNDECLARED_SELECTOR = YES;
				GCC_WARN_UNINITIALIZED_AUTOS = YES_AGGRESSIVE;
				GCC_WARN_UNUSED_FUNCTION = YES;
				GCC_WARN_UNUSED_VARIABLE = YES;
				IPHONEOS_DEPLOYMENT_TARGET = 10.3;
				MTL_ENABLE_DEBUG_INFO = YES;
				ONLY_ACTIVE_ARCH = YES;
				SDKROOT = iphoneos;
				SWIFT_ACTIVE_COMPILATION_CONDITIONS = DEBUG;
				SWIFT_OPTIMIZATION_LEVEL = "-Onone";
				TARGETED_DEVICE_FAMILY = "1,2";
			};
			name = Debug;
		};
		49A2DB021F1C9FF300AF36E3 /* Release */ = {
			isa = XCBuildConfiguration;
			buildSettings = {
				ALWAYS_SEARCH_USER_PATHS = NO;
				CLANG_ANALYZER_NONNULL = YES;
				CLANG_ANALYZER_NUMBER_OBJECT_CONVERSION = YES_AGGRESSIVE;
				CLANG_CXX_LANGUAGE_STANDARD = "gnu++0x";
				CLANG_CXX_LIBRARY = "libc++";
				CLANG_ENABLE_MODULES = YES;
				CLANG_ENABLE_OBJC_ARC = YES;
				CLANG_WARN_BOOL_CONVERSION = YES;
				CLANG_WARN_CONSTANT_CONVERSION = YES;
				CLANG_WARN_DIRECT_OBJC_ISA_USAGE = YES_ERROR;
				CLANG_WARN_DOCUMENTATION_COMMENTS = YES;
				CLANG_WARN_EMPTY_BODY = YES;
				CLANG_WARN_ENUM_CONVERSION = YES;
				CLANG_WARN_INFINITE_RECURSION = YES;
				CLANG_WARN_INT_CONVERSION = YES;
				CLANG_WARN_OBJC_ROOT_CLASS = YES_ERROR;
				CLANG_WARN_SUSPICIOUS_MOVE = YES;
				CLANG_WARN_UNREACHABLE_CODE = YES;
				CLANG_WARN__DUPLICATE_METHOD_MATCH = YES;
				"CODE_SIGN_IDENTITY[sdk=iphoneos*]" = "iPhone Developer";
				COPY_PHASE_STRIP = NO;
				DEBUG_INFORMATION_FORMAT = "dwarf-with-dsym";
				ENABLE_NS_ASSERTIONS = NO;
				ENABLE_STRICT_OBJC_MSGSEND = YES;
				GCC_C_LANGUAGE_STANDARD = gnu99;
				GCC_NO_COMMON_BLOCKS = YES;
				GCC_WARN_64_TO_32_BIT_CONVERSION = YES;
				GCC_WARN_ABOUT_RETURN_TYPE = YES_ERROR;
				GCC_WARN_UNDECLARED_SELECTOR = YES;
				GCC_WARN_UNINITIALIZED_AUTOS = YES_AGGRESSIVE;
				GCC_WARN_UNUSED_FUNCTION = YES;
				GCC_WARN_UNUSED_VARIABLE = YES;
				IPHONEOS_DEPLOYMENT_TARGET = 10.3;
				MTL_ENABLE_DEBUG_INFO = NO;
				SDKROOT = iphoneos;
				SWIFT_OPTIMIZATION_LEVEL = "-Owholemodule";
				TARGETED_DEVICE_FAMILY = "1,2";
				VALIDATE_PRODUCT = YES;
			};
			name = Release;
		};
		49A2DB041F1C9FF300AF36E3 /* Debug */ = {
			isa = XCBuildConfiguration;
			buildSettings = {
				ASSETCATALOG_COMPILER_APPICON_NAME = AppIcon;
				DEVELOPMENT_TEAM = 23EFP3FERN;
				INFOPLIST_FILE = ThreadTutorial/Info.plist;
				LD_RUNPATH_SEARCH_PATHS = "$(inherited) @executable_path/Frameworks";
				PRODUCT_BUNDLE_IDENTIFIER = com.Sohn.ThreadTutorial;
				PRODUCT_NAME = "$(TARGET_NAME)";
				SWIFT_VERSION = 3.0;
			};
			name = Debug;
		};
		49A2DB051F1C9FF300AF36E3 /* Release */ = {
			isa = XCBuildConfiguration;
			buildSettings = {
				ASSETCATALOG_COMPILER_APPICON_NAME = AppIcon;
				DEVELOPMENT_TEAM = 23EFP3FERN;
				INFOPLIST_FILE = ThreadTutorial/Info.plist;
				LD_RUNPATH_SEARCH_PATHS = "$(inherited) @executable_path/Frameworks";
				PRODUCT_BUNDLE_IDENTIFIER = com.Sohn.ThreadTutorial;
				PRODUCT_NAME = "$(TARGET_NAME)";
				SWIFT_VERSION = 3.0;
			};
			name = Release;
		};
		49A2DB071F1C9FF300AF36E3 /* Debug */ = {
			isa = XCBuildConfiguration;
			buildSettings = {
				ALWAYS_EMBED_SWIFT_STANDARD_LIBRARIES = YES;
				BUNDLE_LOADER = "$(TEST_HOST)";
				DEVELOPMENT_TEAM = 23EFP3FERN;
				INFOPLIST_FILE = ThreadTutorialTests/Info.plist;
				LD_RUNPATH_SEARCH_PATHS = "$(inherited) @executable_path/Frameworks @loader_path/Frameworks";
				PRODUCT_BUNDLE_IDENTIFIER = com.Sohn.ThreadTutorialTests;
				PRODUCT_NAME = "$(TARGET_NAME)";
				SWIFT_VERSION = 3.0;
				TEST_HOST = "$(BUILT_PRODUCTS_DIR)/ThreadTutorial.app/ThreadTutorial";
			};
			name = Debug;
		};
		49A2DB081F1C9FF300AF36E3 /* Release */ = {
			isa = XCBuildConfiguration;
			buildSettings = {
				ALWAYS_EMBED_SWIFT_STANDARD_LIBRARIES = YES;
				BUNDLE_LOADER = "$(TEST_HOST)";
				DEVELOPMENT_TEAM = 23EFP3FERN;
				INFOPLIST_FILE = ThreadTutorialTests/Info.plist;
				LD_RUNPATH_SEARCH_PATHS = "$(inherited) @executable_path/Frameworks @loader_path/Frameworks";
				PRODUCT_BUNDLE_IDENTIFIER = com.Sohn.ThreadTutorialTests;
				PRODUCT_NAME = "$(TARGET_NAME)";
				SWIFT_VERSION = 3.0;
				TEST_HOST = "$(BUILT_PRODUCTS_DIR)/ThreadTutorial.app/ThreadTutorial";
			};
			name = Release;
		};
		49A2DB0A1F1C9FF300AF36E3 /* Debug */ = {
			isa = XCBuildConfiguration;
			buildSettings = {
				ALWAYS_EMBED_SWIFT_STANDARD_LIBRARIES = YES;
				DEVELOPMENT_TEAM = 23EFP3FERN;
				INFOPLIST_FILE = ThreadTutorialUITests/Info.plist;
				LD_RUNPATH_SEARCH_PATHS = "$(inherited) @executable_path/Frameworks @loader_path/Frameworks";
				PRODUCT_BUNDLE_IDENTIFIER = com.Sohn.ThreadTutorialUITests;
				PRODUCT_NAME = "$(TARGET_NAME)";
				SWIFT_VERSION = 3.0;
				TEST_TARGET_NAME = ThreadTutorial;
			};
			name = Debug;
		};
		49A2DB0B1F1C9FF300AF36E3 /* Release */ = {
			isa = XCBuildConfiguration;
			buildSettings = {
				ALWAYS_EMBED_SWIFT_STANDARD_LIBRARIES = YES;
				DEVELOPMENT_TEAM = 23EFP3FERN;
				INFOPLIST_FILE = ThreadTutorialUITests/Info.plist;
				LD_RUNPATH_SEARCH_PATHS = "$(inherited) @executable_path/Frameworks @loader_path/Frameworks";
				PRODUCT_BUNDLE_IDENTIFIER = com.Sohn.ThreadTutorialUITests;
				PRODUCT_NAME = "$(TARGET_NAME)";
				SWIFT_VERSION = 3.0;
				TEST_TARGET_NAME = ThreadTutorial;
			};
			name = Release;
		};
/* End XCBuildConfiguration section */

/* Begin XCConfigurationList section */
		49A2DAD61F1C9FF300AF36E3 /* Build configuration list for PBXProject "ThreadTutorial" */ = {
			isa = XCConfigurationList;
			buildConfigurations = (
				49A2DB011F1C9FF300AF36E3 /* Debug */,
				49A2DB021F1C9FF300AF36E3 /* Release */,
			);
			defaultConfigurationIsVisible = 0;
			defaultConfigurationName = Release;
		};
		49A2DB031F1C9FF300AF36E3 /* Build configuration list for PBXNativeTarget "ThreadTutorial" */ = {
			isa = XCConfigurationList;
			buildConfigurations = (
				49A2DB041F1C9FF300AF36E3 /* Debug */,
				49A2DB051F1C9FF300AF36E3 /* Release */,
			);
			defaultConfigurationIsVisible = 0;
		};
		49A2DB061F1C9FF300AF36E3 /* Build configuration list for PBXNativeTarget "ThreadTutorialTests" */ = {
			isa = XCConfigurationList;
			buildConfigurations = (
				49A2DB071F1C9FF300AF36E3 /* Debug */,
				49A2DB081F1C9FF300AF36E3 /* Release */,
			);
			defaultConfigurationIsVisible = 0;
		};
		49A2DB091F1C9FF300AF36E3 /* Build configuration list for PBXNativeTarget "ThreadTutorialUITests" */ = {
			isa = XCConfigurationList;
			buildConfigurations = (
				49A2DB0A1F1C9FF300AF36E3 /* Debug */,
				49A2DB0B1F1C9FF300AF36E3 /* Release */,
			);
			defaultConfigurationIsVisible = 0;
		};
/* End XCConfigurationList section */
	};
	rootObject = 49A2DAD31F1C9FF300AF36E3 /* Project object */;
}
